
Microsoft Visual Studio Solution File, Format Version 12.00
# Visual Studio 14
VisualStudioVersion = 14.0.25420.1
MinimumVisualStudioVersion = 10.0.40219.1
Project("{FAE04EC0-301F-11D3-BF4B-00C04F79EFBC}") = "Dai.WeChat.Core", "Dai.WeChat.Core\Dai.WeChat.Core.csproj", "{3C61B3AF-F4E0-480A-982C-B74C47A8F6A1}"
EndProject
Project("{2150E333-8FDC-42A3-9474-1A3956D46DE8}") = "NETCore", "NETCore", "{1F86D22B-DAF6-48CB-A2BA-2A9D1869B077}"
EndProject
Project("{2150E333-8FDC-42A3-9474-1A3956D46DE8}") = "NET45", "NET45", "{FA16104E-2643-4D18-B252-5919CE13F2A5}"
EndProject
Project("{2150E333-8FDC-42A3-9474-1A3956D46DE8}") = "TestWebs", "TestWebs", "{B2AAC905-3D6F-46E1-BC87-EB598EB84769}"
EndProject
Project("{2150E333-8FDC-42A3-9474-1A3956D46DE8}") = "Tests", "Tests", "{B3506CF9-DC72-4DC3-9E0C-8EF01E304A2C}"
EndProject
Project("{FAE04EC0-301F-11D3-BF4B-00C04F79EFBC}") = "Dai.WeChat.TestWeb", "Dai.WeChat.TestWeb\Dai.WeChat.TestWeb.csproj", "{A9FBC3B9-1F73-4D29-8F24-3FCB724AA5ED}"
EndProject
Project("{FAE04EC0-301F-11D3-BF4B-00C04F79EFBC}") = "Dai.WeChat.Tests", "Dai.WeChat.Tests\Dai.WeChat.Tests.csproj", "{12AF1163-EB76-46C6-8A5F-3E9431C20BCE}"
EndProject
Project("{FAE04EC0-301F-11D3-BF4B-00C04F79EFBC}") = "Dai.WeChat.TestWeb.Directives", "Dai.WeChat.TestWeb.Directives\Dai.WeChat.TestWeb.Directives.csproj", "{5116A35D-05F8-4CF0-8421-8FCF50382DD9}"
EndProject
Global
	GlobalSection(SolutionConfigurationPlatforms) = preSolution
		Debug|Any CPU = Debug|Any CPU
		Release|Any CPU = Release|Any CPU
	EndGlobalSection
	GlobalSection(ProjectConfigurationPlatforms) = postSolution
		{3C61B3AF-F4E0-480A-982C-B74C47A8F6A1}.Debug|Any CPU.ActiveCfg = Debug|Any CPU
		{3C61B3AF-F4E0-480A-982C-B74C47A8F6A1}.Debug|Any CPU.Build.0 = Debug|Any CPU
		{3C61B3AF-F4E0-480A-982C-B74C47A8F6A1}.Release|Any CPU.ActiveCfg = Release|Any CPU
		{3C61B3AF-F4E0-480A-982C-B74C47A8F6A1}.Release|Any CPU.Build.0 = Release|Any CPU
		{A9FBC3B9-1F73-4D29-8F24-3FCB724AA5ED}.Debug|Any CPU.ActiveCfg = Debug|Any CPU
		{A9FBC3B9-1F73-4D29-8F24-3FCB724AA5ED}.Debug|Any CPU.Build.0 = Debug|Any CPU
		{A9FBC3B9-1F73-4D29-8F24-3FCB724AA5ED}.Release|Any CPU.ActiveCfg = Release|Any CPU
		{A9FBC3B9-1F73-4D29-8F24-3FCB724AA5ED}.Release|Any CPU.Build.0 = Release|Any CPU
		{12AF1163-EB76-46C6-8A5F-3E9431C20BCE}.Debug|Any CPU.ActiveCfg = Debug|Any CPU
		{12AF1163-EB76-46C6-8A5F-3E9431C20BCE}.Debug|Any CPU.Build.0 = Debug|Any CPU
		{12AF1163-EB76-46C6-8A5F-3E9431C20BCE}.Release|Any CPU.ActiveCfg = Release|Any CPU
		{12AF1163-EB76-46C6-8A5F-3E9431C20BCE}.Release|Any CPU.Build.0 = Release|Any CPU
		{5116A35D-05F8-4CF0-8421-8FCF50382DD9}.Debug|Any CPU.ActiveCfg = Debug|Any CPU
		{5116A35D-05F8-4CF0-8421-8FCF50382DD9}.Debug|Any CPU.Build.0 = Debug|Any CPU
		{5116A35D-05F8-4CF0-8421-8FCF50382DD9}.Release|Any CPU.ActiveCfg = Release|Any CPU
		{5116A35D-05F8-4CF0-8421-8FCF50382DD9}.Release|Any CPU.Build.0 = Release|Any CPU
	EndGlobalSection
	GlobalSection(SolutionProperties) = preSolution
		HideSolutionNode = FALSE
	EndGlobalSection
	GlobalSection(NestedProjects) = preSolution
		{3C61B3AF-F4E0-480A-982C-B74C47A8F6A1} = {FA16104E-2643-4D18-B252-5919CE13F2A5}
		{A9FBC3B9-1F73-4D29-8F24-3FCB724AA5ED} = {B2AAC905-3D6F-46E1-BC87-EB598EB84769}
		{12AF1163-EB76-46C6-8A5F-3E9431C20BCE} = {B3506CF9-DC72-4DC3-9E0C-8EF01E304A2C}
		{5116A35D-05F8-4CF0-8421-8FCF50382DD9} = {B2AAC905-3D6F-46E1-BC87-EB598EB84769}
	EndGlobalSection
EndGlobal
